
Microsoft Visual Studio Solution File, Format Version 12.00
# Visual Studio Version 17
VisualStudioVersion = 17.14.36908.2 d17.14
MinimumVisualStudioVersion = 10.0.40219.1
Project("{FAE04EC0-301F-11D3-BF4B-00C04F79EFBC}") = "MindCareBooking.Web", "MindCareBooking\MindCareBooking.Web.csproj", "{3CA87298-3568-47B9-B2B9-ECFF4FAA8872}"
EndProject
Project("{FAE04EC0-301F-11D3-BF4B-00C04F79EFBC}") = "MindCareBooking.Api", "MindCareBooking.Api\MindCareBooking.Api.csproj", "{6F5D7027-7EE7-4B2E-9A24-5E4AB76BFD95}"
EndProject
Project("{FAE04EC0-301F-11D3-BF4B-00C04F79EFBC}") = "MindCareBooking.Application", "MindCareBooking.Application\MindCareBooking.Application.csproj", "{ACE64061-7C63-46BC-BE5C-C7E0D6F43989}"
EndProject
Project("{FAE04EC0-301F-11D3-BF4B-00C04F79EFBC}") = "MindCareBooking.Data", "MindCareBooking.Data\MindCareBooking.Data.csproj", "{0AA81B37-4ECD-4EA6-B546-54294CBCDDF0}"
EndProject
Global
	GlobalSection(SolutionConfigurationPlatforms) = preSolution
		Debug|Any CPU = Debug|Any CPU
		Release|Any CPU = Release|Any CPU
	EndGlobalSection
	GlobalSection(ProjectConfigurationPlatforms) = postSolution
		{3CA87298-3568-47B9-B2B9-ECFF4FAA8872}.Debug|Any CPU.ActiveCfg = Debug|Any CPU
		{3CA87298-3568-47B9-B2B9-ECFF4FAA8872}.Debug|Any CPU.Build.0 = Debug|Any CPU
		{3CA87298-3568-47B9-B2B9-ECFF4FAA8872}.Release|Any CPU.ActiveCfg = Release|Any CPU
		{3CA87298-3568-47B9-B2B9-ECFF4FAA8872}.Release|Any CPU.Build.0 = Release|Any CPU
		{6F5D7027-7EE7-4B2E-9A24-5E4AB76BFD95}.Debug|Any CPU.ActiveCfg = Debug|Any CPU
		{6F5D7027-7EE7-4B2E-9A24-5E4AB76BFD95}.Debug|Any CPU.Build.0 = Debug|Any CPU
		{6F5D7027-7EE7-4B2E-9A24-5E4AB76BFD95}.Release|Any CPU.ActiveCfg = Release|Any CPU
		{6F5D7027-7EE7-4B2E-9A24-5E4AB76BFD95}.Release|Any CPU.Build.0 = Release|Any CPU
		{ACE64061-7C63-46BC-BE5C-C7E0D6F43989}.Debug|Any CPU.ActiveCfg = Debug|Any CPU
		{ACE64061-7C63-46BC-BE5C-C7E0D6F43989}.Debug|Any CPU.Build.0 = Debug|Any CPU
		{ACE64061-7C63-46BC-BE5C-C7E0D6F43989}.Release|Any CPU.ActiveCfg = Release|Any CPU
		{ACE64061-7C63-46BC-BE5C-C7E0D6F43989}.Release|Any CPU.Build.0 = Release|Any CPU
		{0AA81B37-4ECD-4EA6-B546-54294CBCDDF0}.Debug|Any CPU.ActiveCfg = Debug|Any CPU
		{0AA81B37-4ECD-4EA6-B546-54294CBCDDF0}.Debug|Any CPU.Build.0 = Debug|Any CPU
		{0AA81B37-4ECD-4EA6-B546-54294CBCDDF0}.Release|Any CPU.ActiveCfg = Release|Any CPU
		{0AA81B37-4ECD-4EA6-B546-54294CBCDDF0}.Release|Any CPU.Build.0 = Release|Any CPU
	EndGlobalSection
	GlobalSection(SolutionProperties) = preSolution
		HideSolutionNode = FALSE
	EndGlobalSection
	GlobalSection(ExtensibilityGlobals) = postSolution
		SolutionGuid = {DE0FB122-54BB-4D85-8591-8B505C80884F}
	EndGlobalSection
EndGlobal
